
Microsoft Visual Studio Solution File, Format Version 12.00
# Visual Studio 2013
VisualStudioVersion = 12.0.31101.0
MinimumVisualStudioVersion = 10.0.40219.1
Project("{A0786B88-2ADB-4C21-ABE8-AA2D79766269}") = "oprpg", "oprpg.phpproj", "{1D2FA1FF-2249-4333-A3D7-CDAD6D111D59}"
EndProject
Global
	GlobalSection(SolutionConfigurationPlatforms) = preSolution
		Debug|Any CPU = Debug|Any CPU
		Release|Any CPU = Release|Any CPU
	EndGlobalSection
	GlobalSection(ProjectConfigurationPlatforms) = postSolution
		{1D2FA1FF-2249-4333-A3D7-CDAD6D111D59}.Debug|Any CPU.ActiveCfg = Debug|Any CPU
		{1D2FA1FF-2249-4333-A3D7-CDAD6D111D59}.Debug|Any CPU.Build.0 = Debug|Any CPU
		{1D2FA1FF-2249-4333-A3D7-CDAD6D111D59}.Release|Any CPU.ActiveCfg = Release|Any CPU
		{1D2FA1FF-2249-4333-A3D7-CDAD6D111D59}.Release|Any CPU.Build.0 = Release|Any CPU
	EndGlobalSection
	GlobalSection(SolutionProperties) = preSolution
		HideSolutionNode = FALSE
	EndGlobalSection
EndGlobal
